
Microsoft Visual Studio Solution File, Format Version 12.00
# Visual Studio Version 17
VisualStudioVersion = 17.2.32526.322
MinimumVisualStudioVersion = 10.0.40219.1
Project("{2150E333-8FDC-42A3-9474-1A3956D46DE8}") = "fluent-builder", "fluent-builder", "{1BA47097-5D23-4642-A63D-72E7DD1516BA}"
EndProject
Project("{2150E333-8FDC-42A3-9474-1A3956D46DE8}") = "fluent-builder-generics", "fluent-builder-generics", "{B92326DC-A5E5-4A39-8CA5-22EE96825BA8}"
EndProject
Project("{2150E333-8FDC-42A3-9474-1A3956D46DE8}") = "faceted-builder", "faceted-builder", "{7190F84E-B711-4101-9459-8DDEADCC8B0C}"
EndProject
Project("{2150E333-8FDC-42A3-9474-1A3956D46DE8}") = "factory-method", "factory-method", "{D40B2DEA-C700-4561-8BC5-97329540706B}"
EndProject
Project("{2150E333-8FDC-42A3-9474-1A3956D46DE8}") = "singleton", "singleton", "{7F891679-E0EC-41E8-B19B-3CC787CF2F97}"
EndProject
Project("{2150E333-8FDC-42A3-9474-1A3956D46DE8}") = "adapter", "adapter", "{53022B13-162F-4EEA-B32E-BEFB65111110}"
EndProject
Project("{2150E333-8FDC-42A3-9474-1A3956D46DE8}") = "composite", "composite", "{AB206CA5-F520-4AA6-A7A1-FF6148A78CAF}"
EndProject
Project("{2150E333-8FDC-42A3-9474-1A3956D46DE8}") = "decorator", "decorator", "{F316D65E-6B35-4FB2-B9EB-4F167ED40AF0}"
EndProject
Project("{2150E333-8FDC-42A3-9474-1A3956D46DE8}") = "command", "command", "{E6BE4AC9-5C11-419D-BCFD-10685B72E77D}"
EndProject
Project("{2150E333-8FDC-42A3-9474-1A3956D46DE8}") = "strategy", "strategy", "{F0FFE84D-2F43-47BF-AC23-FEF636C84855}"
EndProject
Project("{2150E333-8FDC-42A3-9474-1A3956D46DE8}") = "facade", "facade", "{B40A61D0-DE3D-4335-893F-0FA417FA84FF}"
EndProject
Project("{9A19103F-16F7-4668-BE54-9A1E7A4F7556}") = "design-patterns.fluent-builder.example-products", "src\fluent-builder\design-patterns.fluent-builder.example-products\design-patterns.fluent-builder.example-products.csproj", "{99413E5F-A80A-4500-8216-094927351B0D}"
EndProject
Project("{9A19103F-16F7-4668-BE54-9A1E7A4F7556}") = "design-patterns.fluent-builder-generics.example-employers", "src\fluent-builder-generics\design-patterns.fluent-builder-generics.example-employers\design-patterns.fluent-builder-generics.example-employers.csproj", "{9242E90D-DFE1-4F41-A192-B22C8E50CA4E}"
EndProject
Project("{9A19103F-16F7-4668-BE54-9A1E7A4F7556}") = "design-patterns.faceted-builder.example-cars", "src\faceted-builder\design-patterns.faceted-builder.example-cars\design-patterns.faceted-builder.example-cars.csproj", "{5B9DCF4E-107D-4BBF-B694-0F4FB892E4FB}"
EndProject
Project("{9A19103F-16F7-4668-BE54-9A1E7A4F7556}") = "design-patterns.factory-method.example-airconditioner", "src\factory-method\design-patterns.factory-method.example-airconditioner\design-patterns.factory-method.example-airconditioner.csproj", "{1719B035-030B-4171-B47D-6C875718402A}"
EndProject
Project("{9A19103F-16F7-4668-BE54-9A1E7A4F7556}") = "design-patterns.singleton.example-populations", "src\singleton\design-patterns.singleton.example-populations\design-patterns.singleton.example-populations.csproj", "{1118E971-C0B0-4C38-B77D-C3E22C2DCFB1}"
EndProject
Project("{FAE04EC0-301F-11D3-BF4B-00C04F79EFBC}") = "design-patterns.strategy.example-salary-calculator", "src\strategy\design-patterns.strategy.example-salary-calculator\design-patterns.strategy.example-salary-calculator.csproj", "{C67CF547-5EA2-4EC7-9A94-9E5A85450561}"
EndProject
Project("{FAE04EC0-301F-11D3-BF4B-00C04F79EFBC}") = "design-patterns.adapter.example-manufacturer-data", "src\adapter\design-patterns.adapter.example-manufacturer-data\design-patterns.adapter.example-manufacturer-data.csproj", "{35C91B88-2124-4021-87EE-CDEA78683474}"
EndProject
Project("{FAE04EC0-301F-11D3-BF4B-00C04F79EFBC}") = "design-patterns.command.example-products", "src\command\design-patterns.command.example-products\design-patterns.command.example-products.csproj", "{0E302D5D-FBCF-488A-8E7C-AAC190C009EB}"
EndProject
Project("{FAE04EC0-301F-11D3-BF4B-00C04F79EFBC}") = "design-patterns.composite.example-gifts", "src\composite\design-patterns.composite.example-gifts\design-patterns.composite.example-gifts.csproj", "{0FA4F26E-00F1-446D-9A94-0A13328B2C08}"
EndProject
Project("{FAE04EC0-301F-11D3-BF4B-00C04F79EFBC}") = "design-patterns.decorator.example-orders", "src\decorator\design-patterns.decorator.example-orders\design-patterns.decorator.example-orders.csproj", "{4E31DF29-70E9-40B9-A447-205029CBC222}"
EndProject
Project("{FAE04EC0-301F-11D3-BF4B-00C04F79EFBC}") = "design-patterns.facade.example-restaurant", "src\facade\design-patterns.facade.example-restaurant\design-patterns.facade.example-restaurant.csproj", "{3BAF5D39-5C4F-4B46-894C-E6B9C4874640}"
EndProject
Global
	GlobalSection(SolutionConfigurationPlatforms) = preSolution
		Debug|Any CPU = Debug|Any CPU
		Release|Any CPU = Release|Any CPU
	EndGlobalSection
	GlobalSection(ProjectConfigurationPlatforms) = postSolution
		{99413E5F-A80A-4500-8216-094927351B0D}.Debug|Any CPU.ActiveCfg = Debug|Any CPU
		{99413E5F-A80A-4500-8216-094927351B0D}.Debug|Any CPU.Build.0 = Debug|Any CPU
		{99413E5F-A80A-4500-8216-094927351B0D}.Release|Any CPU.ActiveCfg = Release|Any CPU
		{99413E5F-A80A-4500-8216-094927351B0D}.Release|Any CPU.Build.0 = Release|Any CPU
		{9242E90D-DFE1-4F41-A192-B22C8E50CA4E}.Debug|Any CPU.ActiveCfg = Debug|Any CPU
		{9242E90D-DFE1-4F41-A192-B22C8E50CA4E}.Debug|Any CPU.Build.0 = Debug|Any CPU
		{9242E90D-DFE1-4F41-A192-B22C8E50CA4E}.Release|Any CPU.ActiveCfg = Release|Any CPU
		{9242E90D-DFE1-4F41-A192-B22C8E50CA4E}.Release|Any CPU.Build.0 = Release|Any CPU
		{5B9DCF4E-107D-4BBF-B694-0F4FB892E4FB}.Debug|Any CPU.ActiveCfg = Debug|Any CPU
		{5B9DCF4E-107D-4BBF-B694-0F4FB892E4FB}.Debug|Any CPU.Build.0 = Debug|Any CPU
		{5B9DCF4E-107D-4BBF-B694-0F4FB892E4FB}.Release|Any CPU.ActiveCfg = Release|Any CPU
		{5B9DCF4E-107D-4BBF-B694-0F4FB892E4FB}.Release|Any CPU.Build.0 = Release|Any CPU
		{1719B035-030B-4171-B47D-6C875718402A}.Debug|Any CPU.ActiveCfg = Debug|Any CPU
		{1719B035-030B-4171-B47D-6C875718402A}.Debug|Any CPU.Build.0 = Debug|Any CPU
		{1719B035-030B-4171-B47D-6C875718402A}.Release|Any CPU.ActiveCfg = Release|Any CPU
		{1719B035-030B-4171-B47D-6C875718402A}.Release|Any CPU.Build.0 = Release|Any CPU
		{1118E971-C0B0-4C38-B77D-C3E22C2DCFB1}.Debug|Any CPU.ActiveCfg = Debug|Any CPU
		{1118E971-C0B0-4C38-B77D-C3E22C2DCFB1}.Debug|Any CPU.Build.0 = Debug|Any CPU
		{1118E971-C0B0-4C38-B77D-C3E22C2DCFB1}.Release|Any CPU.ActiveCfg = Release|Any CPU
		{1118E971-C0B0-4C38-B77D-C3E22C2DCFB1}.Release|Any CPU.Build.0 = Release|Any CPU
		{C67CF547-5EA2-4EC7-9A94-9E5A85450561}.Debug|Any CPU.ActiveCfg = Debug|Any CPU
		{C67CF547-5EA2-4EC7-9A94-9E5A85450561}.Debug|Any CPU.Build.0 = Debug|Any CPU
		{C67CF547-5EA2-4EC7-9A94-9E5A85450561}.Release|Any CPU.ActiveCfg = Release|Any CPU
		{C67CF547-5EA2-4EC7-9A94-9E5A85450561}.Release|Any CPU.Build.0 = Release|Any CPU
		{35C91B88-2124-4021-87EE-CDEA78683474}.Debug|Any CPU.ActiveCfg = Debug|Any CPU
		{35C91B88-2124-4021-87EE-CDEA78683474}.Debug|Any CPU.Build.0 = Debug|Any CPU
		{35C91B88-2124-4021-87EE-CDEA78683474}.Release|Any CPU.ActiveCfg = Release|Any CPU
		{35C91B88-2124-4021-87EE-CDEA78683474}.Release|Any CPU.Build.0 = Release|Any CPU
		{0E302D5D-FBCF-488A-8E7C-AAC190C009EB}.Debug|Any CPU.ActiveCfg = Debug|Any CPU
		{0E302D5D-FBCF-488A-8E7C-AAC190C009EB}.Debug|Any CPU.Build.0 = Debug|Any CPU
		{0E302D5D-FBCF-488A-8E7C-AAC190C009EB}.Release|Any CPU.ActiveCfg = Release|Any CPU
		{0E302D5D-FBCF-488A-8E7C-AAC190C009EB}.Release|Any CPU.Build.0 = Release|Any CPU
		{0FA4F26E-00F1-446D-9A94-0A13328B2C08}.Debug|Any CPU.ActiveCfg = Debug|Any CPU
		{0FA4F26E-00F1-446D-9A94-0A13328B2C08}.Debug|Any CPU.Build.0 = Debug|Any CPU
		{0FA4F26E-00F1-446D-9A94-0A13328B2C08}.Release|Any CPU.ActiveCfg = Release|Any CPU
		{0FA4F26E-00F1-446D-9A94-0A13328B2C08}.Release|Any CPU.Build.0 = Release|Any CPU
		{4E31DF29-70E9-40B9-A447-205029CBC222}.Debug|Any CPU.ActiveCfg = Debug|Any CPU
		{4E31DF29-70E9-40B9-A447-205029CBC222}.Debug|Any CPU.Build.0 = Debug|Any CPU
		{4E31DF29-70E9-40B9-A447-205029CBC222}.Release|Any CPU.ActiveCfg = Release|Any CPU
		{4E31DF29-70E9-40B9-A447-205029CBC222}.Release|Any CPU.Build.0 = Release|Any CPU
		{3BAF5D39-5C4F-4B46-894C-E6B9C4874640}.Debug|Any CPU.ActiveCfg = Debug|Any CPU
		{3BAF5D39-5C4F-4B46-894C-E6B9C4874640}.Debug|Any CPU.Build.0 = Debug|Any CPU
		{3BAF5D39-5C4F-4B46-894C-E6B9C4874640}.Release|Any CPU.ActiveCfg = Release|Any CPU
		{3BAF5D39-5C4F-4B46-894C-E6B9C4874640}.Release|Any CPU.Build.0 = Release|Any CPU
	EndGlobalSection
	GlobalSection(SolutionProperties) = preSolution
		HideSolutionNode = FALSE
	EndGlobalSection
	GlobalSection(NestedProjects) = preSolution
		{99413E5F-A80A-4500-8216-094927351B0D} = {1BA47097-5D23-4642-A63D-72E7DD1516BA}
		{9242E90D-DFE1-4F41-A192-B22C8E50CA4E} = {B92326DC-A5E5-4A39-8CA5-22EE96825BA8}
		{5B9DCF4E-107D-4BBF-B694-0F4FB892E4FB} = {7190F84E-B711-4101-9459-8DDEADCC8B0C}
		{1719B035-030B-4171-B47D-6C875718402A} = {D40B2DEA-C700-4561-8BC5-97329540706B}
		{1118E971-C0B0-4C38-B77D-C3E22C2DCFB1} = {7F891679-E0EC-41E8-B19B-3CC787CF2F97}
		{C67CF547-5EA2-4EC7-9A94-9E5A85450561} = {F0FFE84D-2F43-47BF-AC23-FEF636C84855}
		{35C91B88-2124-4021-87EE-CDEA78683474} = {53022B13-162F-4EEA-B32E-BEFB65111110}
		{0E302D5D-FBCF-488A-8E7C-AAC190C009EB} = {E6BE4AC9-5C11-419D-BCFD-10685B72E77D}
		{0FA4F26E-00F1-446D-9A94-0A13328B2C08} = {AB206CA5-F520-4AA6-A7A1-FF6148A78CAF}
		{4E31DF29-70E9-40B9-A447-205029CBC222} = {F316D65E-6B35-4FB2-B9EB-4F167ED40AF0}
		{3BAF5D39-5C4F-4B46-894C-E6B9C4874640} = {B40A61D0-DE3D-4335-893F-0FA417FA84FF}
	EndGlobalSection
	GlobalSection(ExtensibilityGlobals) = postSolution
		SolutionGuid = {91A18332-F70F-4F19-BABB-5783D93F3DB3}
	EndGlobalSection
EndGlobal
